
Microsoft Visual Studio Solution File, Format Version 12.00
# Visual Studio Version 17
VisualStudioVersion = 17.0.31521.260
MinimumVisualStudioVersion = 10.0.40219.1
Project("{FAE04EC0-301F-11D3-BF4B-00C04F79EFBC}") = "AAA", "AAA.csproj", "{02E05F5E-1CBB-4416-9554-4426C8646D16}"
EndProject
Global
	GlobalSection(SolutionConfigurationPlatforms) = preSolution
		Debug|x64 = Debug|x64
		Release|x64 = Release|x64
	EndGlobalSection
	GlobalSection(ProjectConfigurationPlatforms) = postSolution
		{02E05F5E-1CBB-4416-9554-4426C8646D16}.Debug|x64.ActiveCfg = Debug|x64
		{02E05F5E-1CBB-4416-9554-4426C8646D16}.Debug|x64.Build.0 = Debug|x64
		{02E05F5E-1CBB-4416-9554-4426C8646D16}.Release|x64.ActiveCfg = Release|x64
		{02E05F5E-1CBB-4416-9554-4426C8646D16}.Release|x64.Build.0 = Release|x64
	EndGlobalSection
	GlobalSection(SolutionProperties) = preSolution
		HideSolutionNode = FALSE
	EndGlobalSection
	GlobalSection(ExtensibilityGlobals) = postSolution
		SolutionGuid = {AF869E96-7B54-40B4-BAB2-9B06E9DFE2A9}
	EndGlobalSection
EndGlobal
